// !$*UTF8*$!
{
	archiveVersion = 1;
	classes = {
	};
	objectVersion = 50;
	objects = {

/* Begin PBXBuildFile section */
		370E46A720F3D38B003ED365 /* AirQuality.storyboard in Resources */ = {isa = PBXBuildFile; fileRef = 370E46A620F3D38B003ED365 /* AirQuality.storyboard */; };
		370E46A920F3D3A2003ED365 /* AirQualityViewController.swift in Sources */ = {isa = PBXBuildFile; fileRef = 370E46A820F3D3A2003ED365 /* AirQualityViewController.swift */; };
		370E46AC20F3D402003ED365 /* AirQualityViewModel.swift in Sources */ = {isa = PBXBuildFile; fileRef = 370E46AB20F3D402003ED365 /* AirQualityViewModel.swift */; };
		370E46AF20F3D41D003ED365 /* AirAPI.swift in Sources */ = {isa = PBXBuildFile; fileRef = 370E46AE20F3D41D003ED365 /* AirAPI.swift */; };
		370E46B120F3D45E003ED365 /* StationRouter.swift in Sources */ = {isa = PBXBuildFile; fileRef = 370E46B020F3D45E003ED365 /* StationRouter.swift */; };
		370E46B320F3D54F003ED365 /* AllStationRequest.swift in Sources */ = {isa = PBXBuildFile; fileRef = 370E46B220F3D54F003ED365 /* AllStationRequest.swift */; };
		37A46A7920F3D2640019C81C /* ParameterEncoder.swift in Sources */ = {isa = PBXBuildFile; fileRef = 37A46A6F20F3D2630019C81C /* ParameterEncoder.swift */; };
		37A46A7A20F3D2640019C81C /* URLParameterEncoder.swift in Sources */ = {isa = PBXBuildFile; fileRef = 37A46A7020F3D2630019C81C /* URLParameterEncoder.swift */; };
		37A46A7B20F3D2640019C81C /* JSONParameterEncoder.swift in Sources */ = {isa = PBXBuildFile; fileRef = 37A46A7120F3D2630019C81C /* JSONParameterEncoder.swift */; };
		37A46A7C20F3D2640019C81C /* Response.swift in Sources */ = {isa = PBXBuildFile; fileRef = 37A46A7220F3D2640019C81C /* Response.swift */; };
		37A46A7D20F3D2640019C81C /* Constants.swift in Sources */ = {isa = PBXBuildFile; fileRef = 37A46A7320F3D2640019C81C /* Constants.swift */; };
		37A46A7E20F3D2640019C81C /* API.swift in Sources */ = {isa = PBXBuildFile; fileRef = 37A46A7420F3D2640019C81C /* API.swift */; };
		37A46A7F20F3D2640019C81C /* HTTPMethod.swift in Sources */ = {isa = PBXBuildFile; fileRef = 37A46A7520F3D2640019C81C /* HTTPMethod.swift */; };
		37A46A8020F3D2640019C81C /* Request.swift in Sources */ = {isa = PBXBuildFile; fileRef = 37A46A7620F3D2640019C81C /* Request.swift */; };
		37A46A8120F3D2640019C81C /* Info.plist in Resources */ = {isa = PBXBuildFile; fileRef = 37A46A7720F3D2640019C81C /* Info.plist */; };
		37A46A8220F3D2640019C81C /* Router.swift in Sources */ = {isa = PBXBuildFile; fileRef = 37A46A7820F3D2640019C81C /* Router.swift */; };
		B92D007820F38A510080360E /* Station.swift in Sources */ = {isa = PBXBuildFile; fileRef = B92D007720F38A510080360E /* Station.swift */; };
		B92D007A20F38A600080360E /* City.swift in Sources */ = {isa = PBXBuildFile; fileRef = B92D007920F38A600080360E /* City.swift */; };
		B92D007C20F38A740080360E /* Commune.swift in Sources */ = {isa = PBXBuildFile; fileRef = B92D007B20F38A740080360E /* Commune.swift */; };
		B92D007E20F38A880080360E /* Sensor.swift in Sources */ = {isa = PBXBuildFile; fileRef = B92D007D20F38A880080360E /* Sensor.swift */; };
		B92D008020F38AA50080360E /* AqIndex.swift in Sources */ = {isa = PBXBuildFile; fileRef = B92D007F20F38AA50080360E /* AqIndex.swift */; };
		B99B54F120F381B10044C317 /* AppDelegate.swift in Sources */ = {isa = PBXBuildFile; fileRef = B99B54F020F381B10044C317 /* AppDelegate.swift */; };
		B99B54F820F381B30044C317 /* Assets.xcassets in Resources */ = {isa = PBXBuildFile; fileRef = B99B54F720F381B30044C317 /* Assets.xcassets */; };
		B99B54FB20F381B30044C317 /* LaunchScreen.storyboard in Resources */ = {isa = PBXBuildFile; fileRef = B99B54F920F381B30044C317 /* LaunchScreen.storyboard */; };
		B99B550620F381B30044C317 /* AirQualityTests.swift in Sources */ = {isa = PBXBuildFile; fileRef = B99B550520F381B30044C317 /* AirQualityTests.swift */; };
		B99B551120F381B30044C317 /* AirQualityUITests.swift in Sources */ = {isa = PBXBuildFile; fileRef = B99B551020F381B30044C317 /* AirQualityUITests.swift */; };
/* End PBXBuildFile section */

/* Begin PBXContainerItemProxy section */
		B99B550220F381B30044C317 /* PBXContainerItemProxy */ = {
			isa = PBXContainerItemProxy;
			containerPortal = B99B54E520F381B10044C317 /* Project object */;
			proxyType = 1;
			remoteGlobalIDString = B99B54EC20F381B10044C317;
			remoteInfo = AirQuality;
		};
		B99B550D20F381B30044C317 /* PBXContainerItemProxy */ = {
			isa = PBXContainerItemProxy;
			containerPortal = B99B54E520F381B10044C317 /* Project object */;
			proxyType = 1;
			remoteGlobalIDString = B99B54EC20F381B10044C317;
			remoteInfo = AirQuality;
		};
/* End PBXContainerItemProxy section */

/* Begin PBXFileReference section */
		370E46A620F3D38B003ED365 /* AirQuality.storyboard */ = {isa = PBXFileReference; lastKnownFileType = file.storyboard; path = AirQuality.storyboard; sourceTree = "<group>"; };
		370E46A820F3D3A2003ED365 /* AirQualityViewController.swift */ = {isa = PBXFileReference; lastKnownFileType = sourcecode.swift; path = AirQualityViewController.swift; sourceTree = "<group>"; };
		370E46AB20F3D402003ED365 /* AirQualityViewModel.swift */ = {isa = PBXFileReference; lastKnownFileType = sourcecode.swift; path = AirQualityViewModel.swift; sourceTree = "<group>"; };
		370E46AE20F3D41D003ED365 /* AirAPI.swift */ = {isa = PBXFileReference; lastKnownFileType = sourcecode.swift; path = AirAPI.swift; sourceTree = "<group>"; };
		370E46B020F3D45E003ED365 /* StationRouter.swift */ = {isa = PBXFileReference; lastKnownFileType = sourcecode.swift; path = StationRouter.swift; sourceTree = "<group>"; };
		370E46B220F3D54F003ED365 /* AllStationRequest.swift */ = {isa = PBXFileReference; lastKnownFileType = sourcecode.swift; path = AllStationRequest.swift; sourceTree = "<group>"; };
		37A46A6F20F3D2630019C81C /* ParameterEncoder.swift */ = {isa = PBXFileReference; fileEncoding = 4; lastKnownFileType = sourcecode.swift; path = ParameterEncoder.swift; sourceTree = "<group>"; };
		37A46A7020F3D2630019C81C /* URLParameterEncoder.swift */ = {isa = PBXFileReference; fileEncoding = 4; lastKnownFileType = sourcecode.swift; path = URLParameterEncoder.swift; sourceTree = "<group>"; };
		37A46A7120F3D2630019C81C /* JSONParameterEncoder.swift */ = {isa = PBXFileReference; fileEncoding = 4; lastKnownFileType = sourcecode.swift; path = JSONParameterEncoder.swift; sourceTree = "<group>"; };
		37A46A7220F3D2640019C81C /* Response.swift */ = {isa = PBXFileReference; fileEncoding = 4; lastKnownFileType = sourcecode.swift; path = Response.swift; sourceTree = "<group>"; };
		37A46A7320F3D2640019C81C /* Constants.swift */ = {isa = PBXFileReference; fileEncoding = 4; lastKnownFileType = sourcecode.swift; path = Constants.swift; sourceTree = "<group>"; };
		37A46A7420F3D2640019C81C /* API.swift */ = {isa = PBXFileReference; fileEncoding = 4; lastKnownFileType = sourcecode.swift; path = API.swift; sourceTree = "<group>"; };
		37A46A7520F3D2640019C81C /* HTTPMethod.swift */ = {isa = PBXFileReference; fileEncoding = 4; lastKnownFileType = sourcecode.swift; path = HTTPMethod.swift; sourceTree = "<group>"; };
		37A46A7620F3D2640019C81C /* Request.swift */ = {isa = PBXFileReference; fileEncoding = 4; lastKnownFileType = sourcecode.swift; path = Request.swift; sourceTree = "<group>"; };
		37A46A7720F3D2640019C81C /* Info.plist */ = {isa = PBXFileReference; fileEncoding = 4; lastKnownFileType = text.plist.xml; path = Info.plist; sourceTree = "<group>"; };
		37A46A7820F3D2640019C81C /* Router.swift */ = {isa = PBXFileReference; fileEncoding = 4; lastKnownFileType = sourcecode.swift; path = Router.swift; sourceTree = "<group>"; };
		B92D007720F38A510080360E /* Station.swift */ = {isa = PBXFileReference; lastKnownFileType = sourcecode.swift; path = Station.swift; sourceTree = "<group>"; };
		B92D007920F38A600080360E /* City.swift */ = {isa = PBXFileReference; lastKnownFileType = sourcecode.swift; path = City.swift; sourceTree = "<group>"; };
		B92D007B20F38A740080360E /* Commune.swift */ = {isa = PBXFileReference; lastKnownFileType = sourcecode.swift; path = Commune.swift; sourceTree = "<group>"; };
		B92D007D20F38A880080360E /* Sensor.swift */ = {isa = PBXFileReference; lastKnownFileType = sourcecode.swift; path = Sensor.swift; sourceTree = "<group>"; };
		B92D007F20F38AA50080360E /* AqIndex.swift */ = {isa = PBXFileReference; lastKnownFileType = sourcecode.swift; path = AqIndex.swift; sourceTree = "<group>"; };
		B99B54ED20F381B10044C317 /* AirQuality.app */ = {isa = PBXFileReference; explicitFileType = wrapper.application; includeInIndex = 0; path = AirQuality.app; sourceTree = BUILT_PRODUCTS_DIR; };
		B99B54F020F381B10044C317 /* AppDelegate.swift */ = {isa = PBXFileReference; lastKnownFileType = sourcecode.swift; path = AppDelegate.swift; sourceTree = "<group>"; };
		B99B54F720F381B30044C317 /* Assets.xcassets */ = {isa = PBXFileReference; lastKnownFileType = folder.assetcatalog; path = Assets.xcassets; sourceTree = "<group>"; };
		B99B54FA20F381B30044C317 /* Base */ = {isa = PBXFileReference; lastKnownFileType = file.storyboard; name = Base; path = Base.lproj/LaunchScreen.storyboard; sourceTree = "<group>"; };
		B99B54FC20F381B30044C317 /* Info.plist */ = {isa = PBXFileReference; lastKnownFileType = text.plist.xml; path = Info.plist; sourceTree = "<group>"; };
		B99B550120F381B30044C317 /* AirQualityTests.xctest */ = {isa = PBXFileReference; explicitFileType = wrapper.cfbundle; includeInIndex = 0; path = AirQualityTests.xctest; sourceTree = BUILT_PRODUCTS_DIR; };
		B99B550520F381B30044C317 /* AirQualityTests.swift */ = {isa = PBXFileReference; lastKnownFileType = sourcecode.swift; path = AirQualityTests.swift; sourceTree = "<group>"; };
		B99B550720F381B30044C317 /* Info.plist */ = {isa = PBXFileReference; lastKnownFileType = text.plist.xml; path = Info.plist; sourceTree = "<group>"; };
		B99B550C20F381B30044C317 /* AirQualityUITests.xctest */ = {isa = PBXFileReference; explicitFileType = wrapper.cfbundle; includeInIndex = 0; path = AirQualityUITests.xctest; sourceTree = BUILT_PRODUCTS_DIR; };
		B99B551020F381B30044C317 /* AirQualityUITests.swift */ = {isa = PBXFileReference; lastKnownFileType = sourcecode.swift; path = AirQualityUITests.swift; sourceTree = "<group>"; };
		B99B551220F381B30044C317 /* Info.plist */ = {isa = PBXFileReference; lastKnownFileType = text.plist.xml; path = Info.plist; sourceTree = "<group>"; };
/* End PBXFileReference section */

/* Begin PBXFrameworksBuildPhase section */
		B99B54EA20F381B10044C317 /* Frameworks */ = {
			isa = PBXFrameworksBuildPhase;
			buildActionMask = 2147483647;
			files = (
			);
			runOnlyForDeploymentPostprocessing = 0;
		};
		B99B54FE20F381B30044C317 /* Frameworks */ = {
			isa = PBXFrameworksBuildPhase;
			buildActionMask = 2147483647;
			files = (
			);
			runOnlyForDeploymentPostprocessing = 0;
		};
		B99B550920F381B30044C317 /* Frameworks */ = {
			isa = PBXFrameworksBuildPhase;
			buildActionMask = 2147483647;
			files = (
			);
			runOnlyForDeploymentPostprocessing = 0;
		};
/* End PBXFrameworksBuildPhase section */

/* Begin PBXGroup section */
		370E46A420F3D37A003ED365 /* View */ = {
			isa = PBXGroup;
			children = (
				370E46A520F3D37F003ED365 /* Storyboard */,
				370E46A820F3D3A2003ED365 /* AirQualityViewController.swift */,
			);
			path = View;
			sourceTree = "<group>";
		};
		370E46A520F3D37F003ED365 /* Storyboard */ = {
			isa = PBXGroup;
			children = (
				370E46A620F3D38B003ED365 /* AirQuality.storyboard */,
			);
			path = Storyboard;
			sourceTree = "<group>";
		};
		370E46AA20F3D3F4003ED365 /* ViewModel */ = {
			isa = PBXGroup;
			children = (
				370E46AB20F3D402003ED365 /* AirQualityViewModel.swift */,
			);
			path = ViewModel;
			sourceTree = "<group>";
		};
		370E46AD20F3D412003ED365 /* Controller */ = {
			isa = PBXGroup;
			children = (
				370E46AE20F3D41D003ED365 /* AirAPI.swift */,
				370E46B020F3D45E003ED365 /* StationRouter.swift */,
				370E46B220F3D54F003ED365 /* AllStationRequest.swift */,
			);
			path = Controller;
			sourceTree = "<group>";
		};
		37A46A6E20F3D2510019C81C /* Networking */ = {
			isa = PBXGroup;
			children = (
				37A46A7420F3D2640019C81C /* API.swift */,
				37A46A7320F3D2640019C81C /* Constants.swift */,
				37A46A7520F3D2640019C81C /* HTTPMethod.swift */,
				37A46A7720F3D2640019C81C /* Info.plist */,
				37A46A7120F3D2630019C81C /* JSONParameterEncoder.swift */,
				37A46A6F20F3D2630019C81C /* ParameterEncoder.swift */,
				37A46A7620F3D2640019C81C /* Request.swift */,
				37A46A7220F3D2640019C81C /* Response.swift */,
				37A46A7820F3D2640019C81C /* Router.swift */,
				37A46A7020F3D2630019C81C /* URLParameterEncoder.swift */,
			);
			path = Networking;
			sourceTree = "<group>";
		};
		B99B54E420F381B10044C317 = {
			isa = PBXGroup;
			children = (
				B99B54EF20F381B10044C317 /* AirQuality */,
				B99B550420F381B30044C317 /* AirQualityTests */,
				B99B550F20F381B30044C317 /* AirQualityUITests */,
				B99B54EE20F381B10044C317 /* Products */,
			);
			sourceTree = "<group>";
		};
		B99B54EE20F381B10044C317 /* Products */ = {
			isa = PBXGroup;
			children = (
				B99B54ED20F381B10044C317 /* AirQuality.app */,
				B99B550120F381B30044C317 /* AirQualityTests.xctest */,
				B99B550C20F381B30044C317 /* AirQualityUITests.xctest */,
			);
			name = Products;
			sourceTree = "<group>";
		};
		B99B54EF20F381B10044C317 /* AirQuality */ = {
			isa = PBXGroup;
			children = (
				B99B551E20F382080044C317 /* Module */,
				B99B54F020F381B10044C317 /* AppDelegate.swift */,
				B99B54F720F381B30044C317 /* Assets.xcassets */,
				B99B54F920F381B30044C317 /* LaunchScreen.storyboard */,
				B99B54FC20F381B30044C317 /* Info.plist */,
			);
			path = AirQuality;
			sourceTree = "<group>";
		};
		B99B550420F381B30044C317 /* AirQualityTests */ = {
			isa = PBXGroup;
			children = (
				B99B550520F381B30044C317 /* AirQualityTests.swift */,
				B99B550720F381B30044C317 /* Info.plist */,
			);
			path = AirQualityTests;
			sourceTree = "<group>";
		};
		B99B550F20F381B30044C317 /* AirQualityUITests */ = {
			isa = PBXGroup;
			children = (
				B99B551020F381B30044C317 /* AirQualityUITests.swift */,
				B99B551220F381B30044C317 /* Info.plist */,
			);
			path = AirQualityUITests;
			sourceTree = "<group>";
		};
		B99B551E20F382080044C317 /* Module */ = {
			isa = PBXGroup;
			children = (
				37A46A6E20F3D2510019C81C /* Networking */,
				B99B551F20F3820B0044C317 /* AirQuality */,
			);
			path = Module;
			sourceTree = "<group>";
		};
		B99B551F20F3820B0044C317 /* AirQuality */ = {
			isa = PBXGroup;
			children = (
				370E46AD20F3D412003ED365 /* Controller */,
				370E46AA20F3D3F4003ED365 /* ViewModel */,
				370E46A420F3D37A003ED365 /* View */,
				B99B552220F382250044C317 /* Model */,
			);
			path = AirQuality;
			sourceTree = "<group>";
		};
		B99B552220F382250044C317 /* Model */ = {
			isa = PBXGroup;
			children = (
				B92D007720F38A510080360E /* Station.swift */,
				B92D007920F38A600080360E /* City.swift */,
				B92D007B20F38A740080360E /* Commune.swift */,
				B92D007D20F38A880080360E /* Sensor.swift */,
				B92D007F20F38AA50080360E /* AqIndex.swift */,
			);
			path = Model;
			sourceTree = "<group>";
		};
/* End PBXGroup section */

/* Begin PBXNativeTarget section */
		B99B54EC20F381B10044C317 /* AirQuality */ = {
			isa = PBXNativeTarget;
			buildConfigurationList = B99B551520F381B30044C317 /* Build configuration list for PBXNativeTarget "AirQuality" */;
			buildPhases = (
				B99B54E920F381B10044C317 /* Sources */,
				B99B54EA20F381B10044C317 /* Frameworks */,
				B99B54EB20F381B10044C317 /* Resources */,
			);
			buildRules = (
			);
			dependencies = (
			);
			name = AirQuality;
			productName = AirQuality;
			productReference = B99B54ED20F381B10044C317 /* AirQuality.app */;
			productType = "com.apple.product-type.application";
		};
		B99B550020F381B30044C317 /* AirQualityTests */ = {
			isa = PBXNativeTarget;
			buildConfigurationList = B99B551820F381B30044C317 /* Build configuration list for PBXNativeTarget "AirQualityTests" */;
			buildPhases = (
				B99B54FD20F381B30044C317 /* Sources */,
				B99B54FE20F381B30044C317 /* Frameworks */,
				B99B54FF20F381B30044C317 /* Resources */,
			);
			buildRules = (
			);
			dependencies = (
				B99B550320F381B30044C317 /* PBXTargetDependency */,
			);
			name = AirQualityTests;
			productName = AirQualityTests;
			productReference = B99B550120F381B30044C317 /* AirQualityTests.xctest */;
			productType = "com.apple.product-type.bundle.unit-test";
		};
		B99B550B20F381B30044C317 /* AirQualityUITests */ = {
			isa = PBXNativeTarget;
			buildConfigurationList = B99B551B20F381B30044C317 /* Build configuration list for PBXNativeTarget "AirQualityUITests" */;
			buildPhases = (
				B99B550820F381B30044C317 /* Sources */,
				B99B550920F381B30044C317 /* Frameworks */,
				B99B550A20F381B30044C317 /* Resources */,
			);
			buildRules = (
			);
			dependencies = (
				B99B550E20F381B30044C317 /* PBXTargetDependency */,
			);
			name = AirQualityUITests;
			productName = AirQualityUITests;
			productReference = B99B550C20F381B30044C317 /* AirQualityUITests.xctest */;
			productType = "com.apple.product-type.bundle.ui-testing";
		};
/* End PBXNativeTarget section */

/* Begin PBXProject section */
		B99B54E520F381B10044C317 /* Project object */ = {
			isa = PBXProject;
			attributes = {
				LastSwiftUpdateCheck = 0940;
				LastUpgradeCheck = 0940;
				ORGANIZATIONNAME = "Arkadiusz Pituła";
				TargetAttributes = {
					B99B54EC20F381B10044C317 = {
						CreatedOnToolsVersion = 9.4.1;
					};
					B99B550020F381B30044C317 = {
						CreatedOnToolsVersion = 9.4.1;
						TestTargetID = B99B54EC20F381B10044C317;
					};
					B99B550B20F381B30044C317 = {
						CreatedOnToolsVersion = 9.4.1;
						TestTargetID = B99B54EC20F381B10044C317;
					};
				};
			};
			buildConfigurationList = B99B54E820F381B10044C317 /* Build configuration list for PBXProject "AirQuality" */;
			compatibilityVersion = "Xcode 9.3";
			developmentRegion = en;
			hasScannedForEncodings = 0;
			knownRegions = (
				en,
				Base,
			);
			mainGroup = B99B54E420F381B10044C317;
			productRefGroup = B99B54EE20F381B10044C317 /* Products */;
			projectDirPath = "";
			projectRoot = "";
			targets = (
				B99B54EC20F381B10044C317 /* AirQuality */,
				B99B550020F381B30044C317 /* AirQualityTests */,
				B99B550B20F381B30044C317 /* AirQualityUITests */,
			);
		};
/* End PBXProject section */

/* Begin PBXResourcesBuildPhase section */
		B99B54EB20F381B10044C317 /* Resources */ = {
			isa = PBXResourcesBuildPhase;
			buildActionMask = 2147483647;
			files = (
				B99B54FB20F381B30044C317 /* LaunchScreen.storyboard in Resources */,
				370E46A720F3D38B003ED365 /* AirQuality.storyboard in Resources */,
				B99B54F820F381B30044C317 /* Assets.xcassets in Resources */,
				37A46A8120F3D2640019C81C /* Info.plist in Resources */,
			);
			runOnlyForDeploymentPostprocessing = 0;
		};
		B99B54FF20F381B30044C317 /* Resources */ = {
			isa = PBXResourcesBuildPhase;
			buildActionMask = 2147483647;
			files = (
			);
			runOnlyForDeploymentPostprocessing = 0;
		};
		B99B550A20F381B30044C317 /* Resources */ = {
			isa = PBXResourcesBuildPhase;
			buildActionMask = 2147483647;
			files = (
			);
			runOnlyForDeploymentPostprocessing = 0;
		};
/* End PBXResourcesBuildPhase section */

/* Begin PBXSourcesBuildPhase section */
		B99B54E920F381B10044C317 /* Sources */ = {
			isa = PBXSourcesBuildPhase;
			buildActionMask = 2147483647;
			files = (
				37A46A7A20F3D2640019C81C /* URLParameterEncoder.swift in Sources */,
				37A46A7D20F3D2640019C81C /* Constants.swift in Sources */,
				B92D007C20F38A740080360E /* Commune.swift in Sources */,
				B92D007E20F38A880080360E /* Sensor.swift in Sources */,
				B92D007820F38A510080360E /* Station.swift in Sources */,
				37A46A7C20F3D2640019C81C /* Response.swift in Sources */,
				370E46B320F3D54F003ED365 /* AllStationRequest.swift in Sources */,
				B99B54F120F381B10044C317 /* AppDelegate.swift in Sources */,
				370E46AF20F3D41D003ED365 /* AirAPI.swift in Sources */,
				37A46A8220F3D2640019C81C /* Router.swift in Sources */,
				37A46A7B20F3D2640019C81C /* JSONParameterEncoder.swift in Sources */,
				370E46AC20F3D402003ED365 /* AirQualityViewModel.swift in Sources */,
				B92D008020F38AA50080360E /* AqIndex.swift in Sources */,
				B92D007A20F38A600080360E /* City.swift in Sources */,
				37A46A7F20F3D2640019C81C /* HTTPMethod.swift in Sources */,
				370E46B120F3D45E003ED365 /* StationRouter.swift in Sources */,
				37A46A8020F3D2640019C81C /* Request.swift in Sources */,
				370E46A920F3D3A2003ED365 /* AirQualityViewController.swift in Sources */,
				37A46A7E20F3D2640019C81C /* API.swift in Sources */,
				37A46A7920F3D2640019C81C /* ParameterEncoder.swift in Sources */,
			);
			runOnlyForDeploymentPostprocessing = 0;
		};
		B99B54FD20F381B30044C317 /* Sources */ = {
			isa = PBXSourcesBuildPhase;
			buildActionMask = 2147483647;
			files = (
				B99B550620F381B30044C317 /* AirQualityTests.swift in Sources */,
			);
			runOnlyForDeploymentPostprocessing = 0;
		};
		B99B550820F381B30044C317 /* Sources */ = {
			isa = PBXSourcesBuildPhase;
			buildActionMask = 2147483647;
			files = (
				B99B551120F381B30044C317 /* AirQualityUITests.swift in Sources */,
			);
			runOnlyForDeploymentPostprocessing = 0;
		};
/* End PBXSourcesBuildPhase section */

/* Begin PBXTargetDependency section */
		B99B550320F381B30044C317 /* PBXTargetDependency */ = {
			isa = PBXTargetDependency;
			target = B99B54EC20F381B10044C317 /* AirQuality */;
			targetProxy = B99B550220F381B30044C317 /* PBXContainerItemProxy */;
		};
		B99B550E20F381B30044C317 /* PBXTargetDependency */ = {
			isa = PBXTargetDependency;
			target = B99B54EC20F381B10044C317 /* AirQuality */;
			targetProxy = B99B550D20F381B30044C317 /* PBXContainerItemProxy */;
		};
/* End PBXTargetDependency section */

/* Begin PBXVariantGroup section */
		B99B54F920F381B30044C317 /* LaunchScreen.storyboard */ = {
			isa = PBXVariantGroup;
			children = (
				B99B54FA20F381B30044C317 /* Base */,
			);
			name = LaunchScreen.storyboard;
			sourceTree = "<group>";
		};
/* End PBXVariantGroup section */

/* Begin XCBuildConfiguration section */
		B99B551320F381B30044C317 /* Debug */ = {
			isa = XCBuildConfiguration;
			buildSettings = {
				ALWAYS_SEARCH_USER_PATHS = NO;
				CLANG_ANALYZER_NONNULL = YES;
				CLANG_ANALYZER_NUMBER_OBJECT_CONVERSION = YES_AGGRESSIVE;
				CLANG_CXX_LANGUAGE_STANDARD = "gnu++14";
				CLANG_CXX_LIBRARY = "libc++";
				CLANG_ENABLE_MODULES = YES;
				CLANG_ENABLE_OBJC_ARC = YES;
				CLANG_ENABLE_OBJC_WEAK = YES;
				CLANG_WARN_BLOCK_CAPTURE_AUTORELEASING = YES;
				CLANG_WARN_BOOL_CONVERSION = YES;
				CLANG_WARN_COMMA = YES;
				CLANG_WARN_CONSTANT_CONVERSION = YES;
				CLANG_WARN_DEPRECATED_OBJC_IMPLEMENTATIONS = YES;
				CLANG_WARN_DIRECT_OBJC_ISA_USAGE = YES_ERROR;
				CLANG_WARN_DOCUMENTATION_COMMENTS = YES;
				CLANG_WARN_EMPTY_BODY = YES;
				CLANG_WARN_ENUM_CONVERSION = YES;
				CLANG_WARN_INFINITE_RECURSION = YES;
				CLANG_WARN_INT_CONVERSION = YES;
				CLANG_WARN_NON_LITERAL_NULL_CONVERSION = YES;
				CLANG_WARN_OBJC_IMPLICIT_RETAIN_SELF = YES;
				CLANG_WARN_OBJC_LITERAL_CONVERSION = YES;
				CLANG_WARN_OBJC_ROOT_CLASS = YES_ERROR;
				CLANG_WARN_RANGE_LOOP_ANALYSIS = YES;
				CLANG_WARN_STRICT_PROTOTYPES = YES;
				CLANG_WARN_SUSPICIOUS_MOVE = YES;
				CLANG_WARN_UNGUARDED_AVAILABILITY = YES_AGGRESSIVE;
				CLANG_WARN_UNREACHABLE_CODE = YES;
				CLANG_WARN__DUPLICATE_METHOD_MATCH = YES;
				CODE_SIGN_IDENTITY = "iPhone Developer";
				COPY_PHASE_STRIP = NO;
				DEBUG_INFORMATION_FORMAT = dwarf;
				ENABLE_STRICT_OBJC_MSGSEND = YES;
				ENABLE_TESTABILITY = YES;
				GCC_C_LANGUAGE_STANDARD = gnu11;
				GCC_DYNAMIC_NO_PIC = NO;
				GCC_NO_COMMON_BLOCKS = YES;
				GCC_OPTIMIZATION_LEVEL = 0;
				GCC_PREPROCESSOR_DEFINITIONS = (
					"DEBUG=1",
					"$(inherited)",
				);
				GCC_WARN_64_TO_32_BIT_CONVERSION = YES;
				GCC_WARN_ABOUT_RETURN_TYPE = YES_ERROR;
				GCC_WARN_UNDECLARED_SELECTOR = YES;
				GCC_WARN_UNINITIALIZED_AUTOS = YES_AGGRESSIVE;
				GCC_WARN_UNUSED_FUNCTION = YES;
				GCC_WARN_UNUSED_VARIABLE = YES;
				IPHONEOS_DEPLOYMENT_TARGET = 11.4;
				MTL_ENABLE_DEBUG_INFO = YES;
				ONLY_ACTIVE_ARCH = YES;
				SDKROOT = iphoneos;
				SWIFT_ACTIVE_COMPILATION_CONDITIONS = DEBUG;
				SWIFT_OPTIMIZATION_LEVEL = "-Onone";
			};
			name = Debug;
		};
		B99B551420F381B30044C317 /* Release */ = {
			isa = XCBuildConfiguration;
			buildSettings = {
				ALWAYS_SEARCH_USER_PATHS = NO;
				CLANG_ANALYZER_NONNULL = YES;
				CLANG_ANALYZER_NUMBER_OBJECT_CONVERSION = YES_AGGRESSIVE;
				CLANG_CXX_LANGUAGE_STANDARD = "gnu++14";
				CLANG_CXX_LIBRARY = "libc++";
				CLANG_ENABLE_MODULES = YES;
				CLANG_ENABLE_OBJC_ARC = YES;
				CLANG_ENABLE_OBJC_WEAK = YES;
				CLANG_WARN_BLOCK_CAPTURE_AUTORELEASING = YES;
				CLANG_WARN_BOOL_CONVERSION = YES;
				CLANG_WARN_COMMA = YES;
				CLANG_WARN_CONSTANT_CONVERSION = YES;
				CLANG_WARN_DEPRECATED_OBJC_IMPLEMENTATIONS = YES;
				CLANG_WARN_DIRECT_OBJC_ISA_USAGE = YES_ERROR;
				CLANG_WARN_DOCUMENTATION_COMMENTS = YES;
				CLANG_WARN_EMPTY_BODY = YES;
				CLANG_WARN_ENUM_CONVERSION = YES;
				CLANG_WARN_INFINITE_RECURSION = YES;
				CLANG_WARN_INT_CONVERSION = YES;
				CLANG_WARN_NON_LITERAL_NULL_CONVERSION = YES;
				CLANG_WARN_OBJC_IMPLICIT_RETAIN_SELF = YES;
				CLANG_WARN_OBJC_LITERAL_CONVERSION = YES;
				CLANG_WARN_OBJC_ROOT_CLASS = YES_ERROR;
				CLANG_WARN_RANGE_LOOP_ANALYSIS = YES;
				CLANG_WARN_STRICT_PROTOTYPES = YES;
				CLANG_WARN_SUSPICIOUS_MOVE = YES;
				CLANG_WARN_UNGUARDED_AVAILABILITY = YES_AGGRESSIVE;
				CLANG_WARN_UNREACHABLE_CODE = YES;
				CLANG_WARN__DUPLICATE_METHOD_MATCH = YES;
				CODE_SIGN_IDENTITY = "iPhone Developer";
				COPY_PHASE_STRIP = NO;
				DEBUG_INFORMATION_FORMAT = "dwarf-with-dsym";
				ENABLE_NS_ASSERTIONS = NO;
				ENABLE_STRICT_OBJC_MSGSEND = YES;
				GCC_C_LANGUAGE_STANDARD = gnu11;
				GCC_NO_COMMON_BLOCKS = YES;
				GCC_WARN_64_TO_32_BIT_CONVERSION = YES;
				GCC_WARN_ABOUT_RETURN_TYPE = YES_ERROR;
				GCC_WARN_UNDECLARED_SELECTOR = YES;
				GCC_WARN_UNINITIALIZED_AUTOS = YES_AGGRESSIVE;
				GCC_WARN_UNUSED_FUNCTION = YES;
				GCC_WARN_UNUSED_VARIABLE = YES;
				IPHONEOS_DEPLOYMENT_TARGET = 11.4;
				MTL_ENABLE_DEBUG_INFO = NO;
				SDKROOT = iphoneos;
				SWIFT_COMPILATION_MODE = wholemodule;
				SWIFT_OPTIMIZATION_LEVEL = "-O";
				VALIDATE_PRODUCT = YES;
			};
			name = Release;
		};
		B99B551620F381B30044C317 /* Debug */ = {
			isa = XCBuildConfiguration;
			buildSettings = {
				ASSETCATALOG_COMPILER_APPICON_NAME = AppIcon;
				CODE_SIGN_STYLE = Automatic;
				DEVELOPMENT_TEAM = 5AG4QGJY7S;
				INFOPLIST_FILE = AirQuality/Info.plist;
				LD_RUNPATH_SEARCH_PATHS = (
					"$(inherited)",
					"@executable_path/Frameworks",
				);
				PRODUCT_BUNDLE_IDENTIFIER = pl.apitula.AirQuality;
				PRODUCT_NAME = "$(TARGET_NAME)";
				SWIFT_VERSION = 4.0;
				TARGETED_DEVICE_FAMILY = "1,2";
			};
			name = Debug;
		};
		B99B551720F381B30044C317 /* Release */ = {
			isa = XCBuildConfiguration;
			buildSettings = {
				ASSETCATALOG_COMPILER_APPICON_NAME = AppIcon;
				CODE_SIGN_STYLE = Automatic;
				DEVELOPMENT_TEAM = 5AG4QGJY7S;
				INFOPLIST_FILE = AirQuality/Info.plist;
				LD_RUNPATH_SEARCH_PATHS = (
					"$(inherited)",
					"@executable_path/Frameworks",
				);
				PRODUCT_BUNDLE_IDENTIFIER = pl.apitula.AirQuality;
				PRODUCT_NAME = "$(TARGET_NAME)";
				SWIFT_VERSION = 4.0;
				TARGETED_DEVICE_FAMILY = "1,2";
			};
			name = Release;
		};
		B99B551920F381B30044C317 /* Debug */ = {
			isa = XCBuildConfiguration;
			buildSettings = {
				ALWAYS_EMBED_SWIFT_STANDARD_LIBRARIES = YES;
				BUNDLE_LOADER = "$(TEST_HOST)";
				CODE_SIGN_STYLE = Automatic;
				DEVELOPMENT_TEAM = 5AG4QGJY7S;
				INFOPLIST_FILE = AirQualityTests/Info.plist;
				LD_RUNPATH_SEARCH_PATHS = (
					"$(inherited)",
					"@executable_path/Frameworks",
					"@loader_path/Frameworks",
				);
				PRODUCT_BUNDLE_IDENTIFIER = pl.apitula.AirQualityTests;
				PRODUCT_NAME = "$(TARGET_NAME)";
				SWIFT_VERSION = 4.0;
				TARGETED_DEVICE_FAMILY = "1,2";
				TEST_HOST = "$(BUILT_PRODUCTS_DIR)/AirQuality.app/AirQuality";
			};
			name = Debug;
		};
		B99B551A20F381B30044C317 /* Release */ = {
			isa = XCBuildConfiguration;
			buildSettings = {
				ALWAYS_EMBED_SWIFT_STANDARD_LIBRARIES = YES;
				BUNDLE_LOADER = "$(TEST_HOST)";
				CODE_SIGN_STYLE = Automatic;
				DEVELOPMENT_TEAM = 5AG4QGJY7S;
				INFOPLIST_FILE = AirQualityTests/Info.plist;
				LD_RUNPATH_SEARCH_PATHS = (
					"$(inherited)",
					"@executable_path/Frameworks",
					"@loader_path/Frameworks",
				);
				PRODUCT_BUNDLE_IDENTIFIER = pl.apitula.AirQualityTests;
				PRODUCT_NAME = "$(TARGET_NAME)";
				SWIFT_VERSION = 4.0;
				TARGETED_DEVICE_FAMILY = "1,2";
				TEST_HOST = "$(BUILT_PRODUCTS_DIR)/AirQuality.app/AirQuality";
			};
			name = Release;
		};
		B99B551C20F381B30044C317 /* Debug */ = {
			isa = XCBuildConfiguration;
			buildSettings = {
				ALWAYS_EMBED_SWIFT_STANDARD_LIBRARIES = YES;
				CODE_SIGN_STYLE = Automatic;
				DEVELOPMENT_TEAM = 5AG4QGJY7S;
				INFOPLIST_FILE = AirQualityUITests/Info.plist;
				LD_RUNPATH_SEARCH_PATHS = (
					"$(inherited)",
					"@executable_path/Frameworks",
					"@loader_path/Frameworks",
				);
				PRODUCT_BUNDLE_IDENTIFIER = pl.apitula.AirQualityUITests;
				PRODUCT_NAME = "$(TARGET_NAME)";
				SWIFT_VERSION = 4.0;
				TARGETED_DEVICE_FAMILY = "1,2";
				TEST_TARGET_NAME = AirQuality;
			};
			name = Debug;
		};
		B99B551D20F381B30044C317 /* Release */ = {
			isa = XCBuildConfiguration;
			buildSettings = {
				ALWAYS_EMBED_SWIFT_STANDARD_LIBRARIES = YES;
				CODE_SIGN_STYLE = Automatic;
				DEVELOPMENT_TEAM = 5AG4QGJY7S;
				INFOPLIST_FILE = AirQualityUITests/Info.plist;
				LD_RUNPATH_SEARCH_PATHS = (
					"$(inherited)",
					"@executable_path/Frameworks",
					"@loader_path/Frameworks",
				);
				PRODUCT_BUNDLE_IDENTIFIER = pl.apitula.AirQualityUITests;
				PRODUCT_NAME = "$(TARGET_NAME)";
				SWIFT_VERSION = 4.0;
				TARGETED_DEVICE_FAMILY = "1,2";
				TEST_TARGET_NAME = AirQuality;
			};
			name = Release;
		};
/* End XCBuildConfiguration section */

/* Begin XCConfigurationList section */
		B99B54E820F381B10044C317 /* Build configuration list for PBXProject "AirQuality" */ = {
			isa = XCConfigurationList;
			buildConfigurations = (
				B99B551320F381B30044C317 /* Debug */,
				B99B551420F381B30044C317 /* Release */,
			);
			defaultConfigurationIsVisible = 0;
			defaultConfigurationName = Release;
		};
		B99B551520F381B30044C317 /* Build configuration list for PBXNativeTarget "AirQuality" */ = {
			isa = XCConfigurationList;
			buildConfigurations = (
				B99B551620F381B30044C317 /* Debug */,
				B99B551720F381B30044C317 /* Release */,
			);
			defaultConfigurationIsVisible = 0;
			defaultConfigurationName = Release;
		};
		B99B551820F381B30044C317 /* Build configuration list for PBXNativeTarget "AirQualityTests" */ = {
			isa = XCConfigurationList;
			buildConfigurations = (
				B99B551920F381B30044C317 /* Debug */,
				B99B551A20F381B30044C317 /* Release */,
			);
			defaultConfigurationIsVisible = 0;
			defaultConfigurationName = Release;
		};
		B99B551B20F381B30044C317 /* Build configuration list for PBXNativeTarget "AirQualityUITests" */ = {
			isa = XCConfigurationList;
			buildConfigurations = (
				B99B551C20F381B30044C317 /* Debug */,
				B99B551D20F381B30044C317 /* Release */,
			);
			defaultConfigurationIsVisible = 0;
			defaultConfigurationName = Release;
		};
/* End XCConfigurationList section */
	};
	rootObject = B99B54E520F381B10044C317 /* Project object */;
}
